
Microsoft Visual Studio Solution File, Format Version 12.00
# Visual Studio Express 2012 for Windows Desktop
Project("{FAE04EC0-301F-11D3-BF4B-00C04F79EFBC}") = "Exp2TutorialNoSources", "Exp2TutorialNoSources\Exp2TutorialNoSources.csproj", "{2FDBC2DA-F4AD-46C9-88B1-A704DBF9CF78}"
EndProject
Global
	GlobalSection(SolutionConfigurationPlatforms) = preSolution
		Debug|Any CPU = Debug|Any CPU
		Release|Any CPU = Release|Any CPU
	EndGlobalSection
	GlobalSection(ProjectConfigurationPlatforms) = postSolution
		{2FDBC2DA-F4AD-46C9-88B1-A704DBF9CF78}.Debug|Any CPU.ActiveCfg = Debug|Any CPU
		{2FDBC2DA-F4AD-46C9-88B1-A704DBF9CF78}.Debug|Any CPU.Build.0 = Debug|Any CPU
		{2FDBC2DA-F4AD-46C9-88B1-A704DBF9CF78}.Release|Any CPU.ActiveCfg = Release|Any CPU
		{2FDBC2DA-F4AD-46C9-88B1-A704DBF9CF78}.Release|Any CPU.Build.0 = Release|Any CPU
	EndGlobalSection
	GlobalSection(SolutionProperties) = preSolution
		HideSolutionNode = FALSE
	EndGlobalSection
EndGlobal
